
Microsoft Visual Studio Solution File, Format Version 12.00
# Visual Studio Version 17
VisualStudioVersion = 17.9.34723.18
MinimumVisualStudioVersion = 10.0.40219.1
Project("{FAE04EC0-301F-11D3-BF4B-00C04F79EFBC}") = "Mod3LabB", "Mod3LabB.csproj", "{AD72649A-3126-4412-A92D-9B12DD2F6C25}"
EndProject
Global
	GlobalSection(SolutionConfigurationPlatforms) = preSolution
		Debug|Any CPU = Debug|Any CPU
		Release|Any CPU = Release|Any CPU
	EndGlobalSection
	GlobalSection(ProjectConfigurationPlatforms) = postSolution
		{AD72649A-3126-4412-A92D-9B12DD2F6C25}.Debug|Any CPU.ActiveCfg = Debug|Any CPU
		{AD72649A-3126-4412-A92D-9B12DD2F6C25}.Debug|Any CPU.Build.0 = Debug|Any CPU
		{AD72649A-3126-4412-A92D-9B12DD2F6C25}.Debug|Any CPU.Deploy.0 = Debug|Any CPU
		{AD72649A-3126-4412-A92D-9B12DD2F6C25}.Release|Any CPU.ActiveCfg = Release|Any CPU
		{AD72649A-3126-4412-A92D-9B12DD2F6C25}.Release|Any CPU.Build.0 = Release|Any CPU
		{AD72649A-3126-4412-A92D-9B12DD2F6C25}.Release|Any CPU.Deploy.0 = Release|Any CPU
	EndGlobalSection
	GlobalSection(SolutionProperties) = preSolution
		HideSolutionNode = FALSE
	EndGlobalSection
	GlobalSection(ExtensibilityGlobals) = postSolution
		SolutionGuid = {2C529F56-D052-4191-B335-49C5A8B909EA}
	EndGlobalSection
EndGlobal
